
Microsoft Visual Studio Solution File, Format Version 12.00
# Visual Studio Version 17
VisualStudioVersion = 17.1.32228.430
MinimumVisualStudioVersion = 10.0.40219.1
Project("{FAE04EC0-301F-11D3-BF4B-00C04F79EFBC}") = "Null_Reference_Exception", "Null_Reference_Exception.csproj", "{A8234A82-C683-465B-A943-94538D302171}"
EndProject
Global
	GlobalSection(SolutionConfigurationPlatforms) = preSolution
		Debug|Any CPU = Debug|Any CPU
		Release|Any CPU = Release|Any CPU
	EndGlobalSection
	GlobalSection(ProjectConfigurationPlatforms) = postSolution
		{A8234A82-C683-465B-A943-94538D302171}.Debug|Any CPU.ActiveCfg = Debug|Any CPU
		{A8234A82-C683-465B-A943-94538D302171}.Debug|Any CPU.Build.0 = Debug|Any CPU
		{A8234A82-C683-465B-A943-94538D302171}.Release|Any CPU.ActiveCfg = Release|Any CPU
		{A8234A82-C683-465B-A943-94538D302171}.Release|Any CPU.Build.0 = Release|Any CPU
	EndGlobalSection
	GlobalSection(SolutionProperties) = preSolution
		HideSolutionNode = FALSE
	EndGlobalSection
	GlobalSection(ExtensibilityGlobals) = postSolution
		SolutionGuid = {C3954292-072F-4126-BA33-533D4C51D479}
	EndGlobalSection
EndGlobal
