
Microsoft Visual Studio Solution File, Format Version 12.00
# Visual Studio Version 16
VisualStudioVersion = 16.0.32126.315
MinimumVisualStudioVersion = 10.0.40219.1
Project("{FAE04EC0-301F-11D3-BF4B-00C04F79EFBC}") = "Identity", "Identity.csproj", "{2E319DCC-56D8-46F2-8493-9BBD53E49B05}"
EndProject
Global
	GlobalSection(SolutionConfigurationPlatforms) = preSolution
		Debug|Any CPU = Debug|Any CPU
		Release|Any CPU = Release|Any CPU
	EndGlobalSection
	GlobalSection(ProjectConfigurationPlatforms) = postSolution
		{2E319DCC-56D8-46F2-8493-9BBD53E49B05}.Debug|Any CPU.ActiveCfg = Debug|Any CPU
		{2E319DCC-56D8-46F2-8493-9BBD53E49B05}.Debug|Any CPU.Build.0 = Debug|Any CPU
		{2E319DCC-56D8-46F2-8493-9BBD53E49B05}.Release|Any CPU.ActiveCfg = Release|Any CPU
		{2E319DCC-56D8-46F2-8493-9BBD53E49B05}.Release|Any CPU.Build.0 = Release|Any CPU
	EndGlobalSection
	GlobalSection(SolutionProperties) = preSolution
		HideSolutionNode = FALSE
	EndGlobalSection
	GlobalSection(ExtensibilityGlobals) = postSolution
		SolutionGuid = {B5A427C0-EDF8-4260-B7AD-9B81E41DE7FA}
	EndGlobalSection
EndGlobal
