
Microsoft Visual Studio Solution File, Format Version 12.00
# Visual Studio Version 16
VisualStudioVersion = 16.0.32126.315
MinimumVisualStudioVersion = 10.0.40219.1
Project("{FAE04EC0-301F-11D3-BF4B-00C04F79EFBC}") = "ViewState", "ViewState.csproj", "{670325C9-3A5D-465F-BE69-D4FADBCEAAEC}"
EndProject
Global
	GlobalSection(SolutionConfigurationPlatforms) = preSolution
		Debug|Any CPU = Debug|Any CPU
		Release|Any CPU = Release|Any CPU
	EndGlobalSection
	GlobalSection(ProjectConfigurationPlatforms) = postSolution
		{670325C9-3A5D-465F-BE69-D4FADBCEAAEC}.Debug|Any CPU.ActiveCfg = Debug|Any CPU
		{670325C9-3A5D-465F-BE69-D4FADBCEAAEC}.Debug|Any CPU.Build.0 = Debug|Any CPU
		{670325C9-3A5D-465F-BE69-D4FADBCEAAEC}.Release|Any CPU.ActiveCfg = Release|Any CPU
		{670325C9-3A5D-465F-BE69-D4FADBCEAAEC}.Release|Any CPU.Build.0 = Release|Any CPU
	EndGlobalSection
	GlobalSection(SolutionProperties) = preSolution
		HideSolutionNode = FALSE
	EndGlobalSection
	GlobalSection(ExtensibilityGlobals) = postSolution
		SolutionGuid = {7393586F-FB2A-45DE-9558-5142F61D3B65}
	EndGlobalSection
EndGlobal
