
Microsoft Visual Studio Solution File, Format Version 12.00
# Visual Studio Version 17
VisualStudioVersion = 17.1.32228.430
MinimumVisualStudioVersion = 10.0.40219.1
Project("{FAE04EC0-301F-11D3-BF4B-00C04F79EFBC}") = "MultiplicationTable", "MultiplicationTable.csproj", "{B48E0805-47E2-4A2D-B73B-BA09302BD175}"
EndProject
Global
	GlobalSection(SolutionConfigurationPlatforms) = preSolution
		Debug|Any CPU = Debug|Any CPU
		Release|Any CPU = Release|Any CPU
	EndGlobalSection
	GlobalSection(ProjectConfigurationPlatforms) = postSolution
		{B48E0805-47E2-4A2D-B73B-BA09302BD175}.Debug|Any CPU.ActiveCfg = Debug|Any CPU
		{B48E0805-47E2-4A2D-B73B-BA09302BD175}.Debug|Any CPU.Build.0 = Debug|Any CPU
		{B48E0805-47E2-4A2D-B73B-BA09302BD175}.Release|Any CPU.ActiveCfg = Release|Any CPU
		{B48E0805-47E2-4A2D-B73B-BA09302BD175}.Release|Any CPU.Build.0 = Release|Any CPU
	EndGlobalSection
	GlobalSection(SolutionProperties) = preSolution
		HideSolutionNode = FALSE
	EndGlobalSection
	GlobalSection(ExtensibilityGlobals) = postSolution
		SolutionGuid = {4002B297-60D1-4E4A-A96F-B2310F772D2A}
	EndGlobalSection
EndGlobal
