
Microsoft Visual Studio Solution File, Format Version 12.00
# Visual Studio Version 16
VisualStudioVersion = 16.0.32106.194
MinimumVisualStudioVersion = 10.0.40219.1
Project("{FAE04EC0-301F-11D3-BF4B-00C04F79EFBC}") = "Tracing", "Tracing.csproj", "{11B45E04-0682-47D5-B2C3-1BC837691E03}"
EndProject
Global
	GlobalSection(SolutionConfigurationPlatforms) = preSolution
		Debug|Any CPU = Debug|Any CPU
		Release|Any CPU = Release|Any CPU
	EndGlobalSection
	GlobalSection(ProjectConfigurationPlatforms) = postSolution
		{11B45E04-0682-47D5-B2C3-1BC837691E03}.Debug|Any CPU.ActiveCfg = Debug|Any CPU
		{11B45E04-0682-47D5-B2C3-1BC837691E03}.Debug|Any CPU.Build.0 = Debug|Any CPU
		{11B45E04-0682-47D5-B2C3-1BC837691E03}.Release|Any CPU.ActiveCfg = Release|Any CPU
		{11B45E04-0682-47D5-B2C3-1BC837691E03}.Release|Any CPU.Build.0 = Release|Any CPU
	EndGlobalSection
	GlobalSection(SolutionProperties) = preSolution
		HideSolutionNode = FALSE
	EndGlobalSection
	GlobalSection(ExtensibilityGlobals) = postSolution
		SolutionGuid = {4E57CF21-BA1B-481E-B96C-01B2FDBF5C68}
	EndGlobalSection
EndGlobal
