
Microsoft Visual Studio Solution File, Format Version 12.00
# Visual Studio Version 17
VisualStudioVersion = 17.1.32228.430
MinimumVisualStudioVersion = 10.0.40219.1
Project("{FAE04EC0-301F-11D3-BF4B-00C04F79EFBC}") = "Check_UncheckException", "Check_UncheckException.csproj", "{21C0A0A3-0000-42D4-A9C8-6CA3008CC2F0}"
EndProject
Global
	GlobalSection(SolutionConfigurationPlatforms) = preSolution
		Debug|Any CPU = Debug|Any CPU
		Release|Any CPU = Release|Any CPU
	EndGlobalSection
	GlobalSection(ProjectConfigurationPlatforms) = postSolution
		{21C0A0A3-0000-42D4-A9C8-6CA3008CC2F0}.Debug|Any CPU.ActiveCfg = Debug|Any CPU
		{21C0A0A3-0000-42D4-A9C8-6CA3008CC2F0}.Debug|Any CPU.Build.0 = Debug|Any CPU
		{21C0A0A3-0000-42D4-A9C8-6CA3008CC2F0}.Release|Any CPU.ActiveCfg = Release|Any CPU
		{21C0A0A3-0000-42D4-A9C8-6CA3008CC2F0}.Release|Any CPU.Build.0 = Release|Any CPU
	EndGlobalSection
	GlobalSection(SolutionProperties) = preSolution
		HideSolutionNode = FALSE
	EndGlobalSection
	GlobalSection(ExtensibilityGlobals) = postSolution
		SolutionGuid = {395C7D00-01A3-4FAA-917D-AD5C9934DADB}
	EndGlobalSection
EndGlobal
