
Microsoft Visual Studio Solution File, Format Version 12.00
# Visual Studio Version 16
VisualStudioVersion = 16.0.32126.315
MinimumVisualStudioVersion = 10.0.40219.1
Project("{FAE04EC0-301F-11D3-BF4B-00C04F79EFBC}") = "WpfApp1", "WpfApp1.csproj", "{774CA73C-A21C-43E1-A252-820CA39B458A}"
EndProject
Global
	GlobalSection(SolutionConfigurationPlatforms) = preSolution
		Debug|Any CPU = Debug|Any CPU
		Release|Any CPU = Release|Any CPU
	EndGlobalSection
	GlobalSection(ProjectConfigurationPlatforms) = postSolution
		{774CA73C-A21C-43E1-A252-820CA39B458A}.Debug|Any CPU.ActiveCfg = Debug|Any CPU
		{774CA73C-A21C-43E1-A252-820CA39B458A}.Debug|Any CPU.Build.0 = Debug|Any CPU
		{774CA73C-A21C-43E1-A252-820CA39B458A}.Release|Any CPU.ActiveCfg = Release|Any CPU
		{774CA73C-A21C-43E1-A252-820CA39B458A}.Release|Any CPU.Build.0 = Release|Any CPU
	EndGlobalSection
	GlobalSection(SolutionProperties) = preSolution
		HideSolutionNode = FALSE
	EndGlobalSection
	GlobalSection(ExtensibilityGlobals) = postSolution
		SolutionGuid = {D7844EC0-F390-422B-B403-382C271E746D}
	EndGlobalSection
EndGlobal
